{
  "name": "arm-c",
  "version": "1.0.0",
  "lockfileVersion": 3,
  "requires": true,
  "packages": {
    "": {
      "name": "arm-c",
      "version": "1.0.0",
      "dependencies": {
        "@secaudita10x/sec-test-r7bundle": "1.0.0"
      }
    },
    "node_modules/@secaudita10x/sec-test-r7bundle": {
      "version": "1.0.0",
      "resolved": "https://registry.npmjs.org/@secaudita10x/sec-test-r7bundle/-/sec-test-r7bundle-1.0.0.tgz",
      "integrity": "sha512-i2WJdrfv+nT1oxHWC9YleZJYKNtifOLEk1L9fXhDDYFSbjLBhfr/VO7GJG/QnjZoAlfsx8WTOK2USpbBm1XBfA==",
      "bundleDependencies": [
        "minimist"
      ],
      "license": "MIT",
      "dependencies": {
        "minimist": "1.2.5"
      }
    },
    "node_modules/@secaudita10x/sec-test-r7bundle/node_modules/minimist": {
      "version": "1.2.5",
      "inBundle": true,
      "license": "MIT"
    }
  }
}
