{
  "name": "arm-d",
  "version": "1.0.0",
  "lockfileVersion": 3,
  "requires": true,
  "packages": {
    "": {
      "name": "arm-d",
      "version": "1.0.0",
      "dependencies": {
        "@secaudita10x/sec-test-r7shadow": "1.0.1"
      }
    },
    "node_modules/@secaudita10x/sec-test-r7shadow": {
      "version": "1.0.1",
      "resolved": "https://registry.npmjs.org/@secaudita10x/sec-test-r7shadow/-/sec-test-r7shadow-1.0.1.tgz",
      "integrity": "sha512-pk8XHX6pihIYOPnD/K81wDXg2+KgUz1lw6mKeTHqE3Btdgi4VH09dAE3hMWCM1Lpg5xk3Qm2uTUhUOiuwxOXeA==",
      "license": "MIT",
      "dependencies": {
        "minimist": "^1.2.8"
      }
    },
    "node_modules/minimist": {
      "version": "1.2.8",
      "resolved": "https://registry.npmjs.org/minimist/-/minimist-1.2.8.tgz",
      "integrity": "sha512-2yyAR8qBkN3YuheJanUpWC5U3bb5osDywNB8RzDVlDwDHbocAJveqqj1u8+SVD7jkWT4yvsHCpWqqWqAxb0zCA==",
      "license": "MIT",
      "funding": {
        "url": "https://github.com/sponsors/ljharb"
      }
    }
  }
}
